
Microsoft Visual Studio Solution File, Format Version 12.00
# Visual Studio 15
VisualStudioVersion = 15.0.27130.2024
MinimumVisualStudioVersion = 10.0.40219.1
Project("{FAE04EC0-301F-11D3-BF4B-00C04F79EFBC}") = "Simple Calculator", "Simple Calculator\Simple Calculator.csproj", "{A938D95C-6696-4038-92BF-0C45361E51A1}"
EndProject
Global
	GlobalSection(SolutionConfigurationPlatforms) = preSolution
		Debug|Any CPU = Debug|Any CPU
		Release|Any CPU = Release|Any CPU
	EndGlobalSection
	GlobalSection(ProjectConfigurationPlatforms) = postSolution
		{A938D95C-6696-4038-92BF-0C45361E51A1}.Debug|Any CPU.ActiveCfg = Debug|Any CPU
		{A938D95C-6696-4038-92BF-0C45361E51A1}.Debug|Any CPU.Build.0 = Debug|Any CPU
		{A938D95C-6696-4038-92BF-0C45361E51A1}.Release|Any CPU.ActiveCfg = Release|Any CPU
		{A938D95C-6696-4038-92BF-0C45361E51A1}.Release|Any CPU.Build.0 = Release|Any CPU
	EndGlobalSection
	GlobalSection(SolutionProperties) = preSolution
		HideSolutionNode = FALSE
	EndGlobalSection
	GlobalSection(ExtensibilityGlobals) = postSolution
		SolutionGuid = {B4024733-8051-4AAD-AB4F-D0CE37709260}
	EndGlobalSection
EndGlobal
